
Microsoft Visual Studio Solution File, Format Version 12.00
# Visual Studio Version 17
VisualStudioVersion = 17.9.34607.119
MinimumVisualStudioVersion = 10.0.40219.1
Project("{9A19103F-16F7-4668-BE54-9A1E7A4F7556}") = "Caly.Core", "Caly.Core\Caly.Core.csproj", "{3EC2C947-E691-406B-994A-5F543EA26AAE}"
EndProject
Project("{9A19103F-16F7-4668-BE54-9A1E7A4F7556}") = "Caly.Android", "Caly.Android\Caly.Android.csproj", "{680FFCC7-3FEA-4357-81F3-812427529284}"
EndProject
Project("{9A19103F-16F7-4668-BE54-9A1E7A4F7556}") = "Caly.Desktop", "Caly.Desktop\Caly.Desktop.csproj", "{B3787B6E-ED11-42BE-965C-C1DC79E8B4CC}"
EndProject
Project("{9A19103F-16F7-4668-BE54-9A1E7A4F7556}") = "Caly.iOS", "Caly.iOS\Caly.iOS.csproj", "{75871F7D-5A91-4562-86CD-FE902B5858D6}"
EndProject
Project("{9A19103F-16F7-4668-BE54-9A1E7A4F7556}") = "Caly.Pdf", "Caly.Pdf\Caly.Pdf.csproj", "{FF095426-A8E4-4947-90EA-7569C8DAC306}"
EndProject
Project("{2150E333-8FDC-42A3-9474-1A3956D46DE8}") = "external", "external", "{729644E9-1B3D-4BE2-90F4-D31B9A431DF6}"
EndProject
Project("{2150E333-8FDC-42A3-9474-1A3956D46DE8}") = "PdfPig", "PdfPig", "{F069F5E3-72D5-4146-B696-54E425C85223}"
EndProject
Project("{9A19103F-16F7-4668-BE54-9A1E7A4F7556}") = "UglyToad.PdfPig", "external\PdfPig\src\UglyToad.PdfPig\UglyToad.PdfPig.csproj", "{3F7CE0E2-7013-479A-AE1E-441DE0107A25}"
EndProject
Project("{9A19103F-16F7-4668-BE54-9A1E7A4F7556}") = "UglyToad.PdfPig.Core", "external\PdfPig\src\UglyToad.PdfPig.Core\UglyToad.PdfPig.Core.csproj", "{8DE41CEF-0214-49C8-B7CA-DEF864C50CC0}"
EndProject
Project("{9A19103F-16F7-4668-BE54-9A1E7A4F7556}") = "UglyToad.PdfPig.DocumentLayoutAnalysis", "external\PdfPig\src\UglyToad.PdfPig.DocumentLayoutAnalysis\UglyToad.PdfPig.DocumentLayoutAnalysis.csproj", "{E85E2821-C143-4518-9BF7-9EC8834907FF}"
EndProject
Project("{9A19103F-16F7-4668-BE54-9A1E7A4F7556}") = "UglyToad.PdfPig.Fonts", "external\PdfPig\src\UglyToad.PdfPig.Fonts\UglyToad.PdfPig.Fonts.csproj", "{0932F014-A69E-4754-9DF2-198DCC17DA0D}"
EndProject
Project("{9A19103F-16F7-4668-BE54-9A1E7A4F7556}") = "UglyToad.PdfPig.Tokenization", "external\PdfPig\src\UglyToad.PdfPig.Tokenization\UglyToad.PdfPig.Tokenization.csproj", "{708A2886-AB90-4999-A884-24B5BE421DC5}"
EndProject
Project("{9A19103F-16F7-4668-BE54-9A1E7A4F7556}") = "UglyToad.PdfPig.Tests", "external\PdfPig\src\UglyToad.PdfPig.Tests\UglyToad.PdfPig.Tests.csproj", "{1B57BA32-90DE-41F3-99CF-164E305C3089}"
EndProject
Project("{9A19103F-16F7-4668-BE54-9A1E7A4F7556}") = "UglyToad.PdfPig.Tokens", "external\PdfPig\src\UglyToad.PdfPig.Tokens\UglyToad.PdfPig.Tokens.csproj", "{8787282D-7CBF-4F57-B3DE-219AC3C904B8}"
EndProject
Project("{2150E333-8FDC-42A3-9474-1A3956D46DE8}") = "Tabalonia", "Tabalonia", "{2D9D9B66-AEEF-44D2-96BD-6371590DAF86}"
EndProject
Project("{9A19103F-16F7-4668-BE54-9A1E7A4F7556}") = "Tabalonia", "external\Tabalonia\Tabalonia\Tabalonia.csproj", "{01416B05-3AF7-4E1B-9F6D-C0D93EC052C8}"
EndProject
Project("{2150E333-8FDC-42A3-9474-1A3956D46DE8}") = "PdfPig.Rendering.Skia", "PdfPig.Rendering.Skia", "{853A1CDC-9AB5-479A-AE18-BB744957D540}"
EndProject
Project("{9A19103F-16F7-4668-BE54-9A1E7A4F7556}") = "UglyToad.PdfPig.Rendering.Skia", "external\PdfPig.Rendering.Skia\UglyToad.PdfPig.Rendering.Skia\UglyToad.PdfPig.Rendering.Skia.csproj", "{E5D37628-7B7C-4DFB-8550-ADC3A354A5F1}"
EndProject
Global
	GlobalSection(SolutionConfigurationPlatforms) = preSolution
		Debug|Any CPU = Debug|Any CPU
		Release|Any CPU = Release|Any CPU
	EndGlobalSection
	GlobalSection(ProjectConfigurationPlatforms) = postSolution
		{3EC2C947-E691-406B-994A-5F543EA26AAE}.Debug|Any CPU.ActiveCfg = Debug|Any CPU
		{3EC2C947-E691-406B-994A-5F543EA26AAE}.Debug|Any CPU.Build.0 = Debug|Any CPU
		{3EC2C947-E691-406B-994A-5F543EA26AAE}.Release|Any CPU.ActiveCfg = Release|Any CPU
		{3EC2C947-E691-406B-994A-5F543EA26AAE}.Release|Any CPU.Build.0 = Release|Any CPU
		{680FFCC7-3FEA-4357-81F3-812427529284}.Debug|Any CPU.ActiveCfg = Debug|Any CPU
		{680FFCC7-3FEA-4357-81F3-812427529284}.Debug|Any CPU.Build.0 = Debug|Any CPU
		{680FFCC7-3FEA-4357-81F3-812427529284}.Debug|Any CPU.Deploy.0 = Debug|Any CPU
		{680FFCC7-3FEA-4357-81F3-812427529284}.Release|Any CPU.ActiveCfg = Release|Any CPU
		{680FFCC7-3FEA-4357-81F3-812427529284}.Release|Any CPU.Build.0 = Release|Any CPU
		{680FFCC7-3FEA-4357-81F3-812427529284}.Release|Any CPU.Deploy.0 = Release|Any CPU
		{B3787B6E-ED11-42BE-965C-C1DC79E8B4CC}.Debug|Any CPU.ActiveCfg = Debug|Any CPU
		{B3787B6E-ED11-42BE-965C-C1DC79E8B4CC}.Debug|Any CPU.Build.0 = Debug|Any CPU
		{B3787B6E-ED11-42BE-965C-C1DC79E8B4CC}.Release|Any CPU.ActiveCfg = Release|Any CPU
		{B3787B6E-ED11-42BE-965C-C1DC79E8B4CC}.Release|Any CPU.Build.0 = Release|Any CPU
		{75871F7D-5A91-4562-86CD-FE902B5858D6}.Debug|Any CPU.ActiveCfg = Debug|Any CPU
		{75871F7D-5A91-4562-86CD-FE902B5858D6}.Debug|Any CPU.Build.0 = Debug|Any CPU
		{75871F7D-5A91-4562-86CD-FE902B5858D6}.Debug|Any CPU.Deploy.0 = Debug|Any CPU
		{75871F7D-5A91-4562-86CD-FE902B5858D6}.Release|Any CPU.ActiveCfg = Release|Any CPU
		{75871F7D-5A91-4562-86CD-FE902B5858D6}.Release|Any CPU.Build.0 = Release|Any CPU
		{75871F7D-5A91-4562-86CD-FE902B5858D6}.Release|Any CPU.Deploy.0 = Release|Any CPU
		{FF095426-A8E4-4947-90EA-7569C8DAC306}.Debug|Any CPU.ActiveCfg = Debug|Any CPU
		{FF095426-A8E4-4947-90EA-7569C8DAC306}.Debug|Any CPU.Build.0 = Debug|Any CPU
		{FF095426-A8E4-4947-90EA-7569C8DAC306}.Release|Any CPU.ActiveCfg = Release|Any CPU
		{FF095426-A8E4-4947-90EA-7569C8DAC306}.Release|Any CPU.Build.0 = Release|Any CPU
		{3F7CE0E2-7013-479A-AE1E-441DE0107A25}.Debug|Any CPU.ActiveCfg = Debug|Any CPU
		{3F7CE0E2-7013-479A-AE1E-441DE0107A25}.Debug|Any CPU.Build.0 = Debug|Any CPU
		{3F7CE0E2-7013-479A-AE1E-441DE0107A25}.Release|Any CPU.ActiveCfg = Release|Any CPU
		{3F7CE0E2-7013-479A-AE1E-441DE0107A25}.Release|Any CPU.Build.0 = Release|Any CPU
		{8DE41CEF-0214-49C8-B7CA-DEF864C50CC0}.Debug|Any CPU.ActiveCfg = Debug|Any CPU
		{8DE41CEF-0214-49C8-B7CA-DEF864C50CC0}.Debug|Any CPU.Build.0 = Debug|Any CPU
		{8DE41CEF-0214-49C8-B7CA-DEF864C50CC0}.Release|Any CPU.ActiveCfg = Release|Any CPU
		{8DE41CEF-0214-49C8-B7CA-DEF864C50CC0}.Release|Any CPU.Build.0 = Release|Any CPU
		{E85E2821-C143-4518-9BF7-9EC8834907FF}.Debug|Any CPU.ActiveCfg = Debug|Any CPU
		{E85E2821-C143-4518-9BF7-9EC8834907FF}.Debug|Any CPU.Build.0 = Debug|Any CPU
		{E85E2821-C143-4518-9BF7-9EC8834907FF}.Release|Any CPU.ActiveCfg = Release|Any CPU
		{E85E2821-C143-4518-9BF7-9EC8834907FF}.Release|Any CPU.Build.0 = Release|Any CPU
		{0932F014-A69E-4754-9DF2-198DCC17DA0D}.Debug|Any CPU.ActiveCfg = Debug|Any CPU
		{0932F014-A69E-4754-9DF2-198DCC17DA0D}.Debug|Any CPU.Build.0 = Debug|Any CPU
		{0932F014-A69E-4754-9DF2-198DCC17DA0D}.Release|Any CPU.ActiveCfg = Release|Any CPU
		{0932F014-A69E-4754-9DF2-198DCC17DA0D}.Release|Any CPU.Build.0 = Release|Any CPU
		{708A2886-AB90-4999-A884-24B5BE421DC5}.Debug|Any CPU.ActiveCfg = Debug|Any CPU
		{708A2886-AB90-4999-A884-24B5BE421DC5}.Debug|Any CPU.Build.0 = Debug|Any CPU
		{708A2886-AB90-4999-A884-24B5BE421DC5}.Release|Any CPU.ActiveCfg = Release|Any CPU
		{708A2886-AB90-4999-A884-24B5BE421DC5}.Release|Any CPU.Build.0 = Release|Any CPU
		{1B57BA32-90DE-41F3-99CF-164E305C3089}.Debug|Any CPU.ActiveCfg = Debug|Any CPU
		{1B57BA32-90DE-41F3-99CF-164E305C3089}.Debug|Any CPU.Build.0 = Debug|Any CPU
		{1B57BA32-90DE-41F3-99CF-164E305C3089}.Release|Any CPU.ActiveCfg = Release|Any CPU
		{1B57BA32-90DE-41F3-99CF-164E305C3089}.Release|Any CPU.Build.0 = Release|Any CPU
		{8787282D-7CBF-4F57-B3DE-219AC3C904B8}.Debug|Any CPU.ActiveCfg = Debug|Any CPU
		{8787282D-7CBF-4F57-B3DE-219AC3C904B8}.Debug|Any CPU.Build.0 = Debug|Any CPU
		{8787282D-7CBF-4F57-B3DE-219AC3C904B8}.Release|Any CPU.ActiveCfg = Release|Any CPU
		{8787282D-7CBF-4F57-B3DE-219AC3C904B8}.Release|Any CPU.Build.0 = Release|Any CPU
		{01416B05-3AF7-4E1B-9F6D-C0D93EC052C8}.Debug|Any CPU.ActiveCfg = Debug|Any CPU
		{01416B05-3AF7-4E1B-9F6D-C0D93EC052C8}.Debug|Any CPU.Build.0 = Debug|Any CPU
		{01416B05-3AF7-4E1B-9F6D-C0D93EC052C8}.Release|Any CPU.ActiveCfg = Release|Any CPU
		{01416B05-3AF7-4E1B-9F6D-C0D93EC052C8}.Release|Any CPU.Build.0 = Release|Any CPU
		{E5D37628-7B7C-4DFB-8550-ADC3A354A5F1}.Debug|Any CPU.ActiveCfg = Debug|Any CPU
		{E5D37628-7B7C-4DFB-8550-ADC3A354A5F1}.Debug|Any CPU.Build.0 = Debug|Any CPU
		{E5D37628-7B7C-4DFB-8550-ADC3A354A5F1}.Release|Any CPU.ActiveCfg = Release|Any CPU
		{E5D37628-7B7C-4DFB-8550-ADC3A354A5F1}.Release|Any CPU.Build.0 = Release|Any CPU
	EndGlobalSection
	GlobalSection(SolutionProperties) = preSolution
		HideSolutionNode = FALSE
	EndGlobalSection
	GlobalSection(NestedProjects) = preSolution
		{F069F5E3-72D5-4146-B696-54E425C85223} = {729644E9-1B3D-4BE2-90F4-D31B9A431DF6}
		{3F7CE0E2-7013-479A-AE1E-441DE0107A25} = {F069F5E3-72D5-4146-B696-54E425C85223}
		{8DE41CEF-0214-49C8-B7CA-DEF864C50CC0} = {F069F5E3-72D5-4146-B696-54E425C85223}
		{E85E2821-C143-4518-9BF7-9EC8834907FF} = {F069F5E3-72D5-4146-B696-54E425C85223}
		{0932F014-A69E-4754-9DF2-198DCC17DA0D} = {F069F5E3-72D5-4146-B696-54E425C85223}
		{708A2886-AB90-4999-A884-24B5BE421DC5} = {F069F5E3-72D5-4146-B696-54E425C85223}
		{1B57BA32-90DE-41F3-99CF-164E305C3089} = {F069F5E3-72D5-4146-B696-54E425C85223}
		{8787282D-7CBF-4F57-B3DE-219AC3C904B8} = {F069F5E3-72D5-4146-B696-54E425C85223}
		{2D9D9B66-AEEF-44D2-96BD-6371590DAF86} = {729644E9-1B3D-4BE2-90F4-D31B9A431DF6}
		{01416B05-3AF7-4E1B-9F6D-C0D93EC052C8} = {2D9D9B66-AEEF-44D2-96BD-6371590DAF86}
		{853A1CDC-9AB5-479A-AE18-BB744957D540} = {729644E9-1B3D-4BE2-90F4-D31B9A431DF6}
		{E5D37628-7B7C-4DFB-8550-ADC3A354A5F1} = {853A1CDC-9AB5-479A-AE18-BB744957D540}
	EndGlobalSection
	GlobalSection(ExtensibilityGlobals) = postSolution
		SolutionGuid = {E4266927-3627-47FF-B829-F45BBA8830F9}
	EndGlobalSection
EndGlobal
